
Microsoft Visual Studio Solution File, Format Version 12.00
# Visual Studio Version 16
VisualStudioVersion = 16.6.30114.105
MinimumVisualStudioVersion = 10.0.40219.1
Project("{FAE04EC0-301F-11D3-BF4B-00C04F79EFBC}") = "API", "API\API.csproj", "{68BDB594-7A3B-4B7C-8B29-18D37367C79D}"
EndProject
Project("{FAE04EC0-301F-11D3-BF4B-00C04F79EFBC}") = "Application", "Application\Application.csproj", "{A3BE7872-666A-4FF7-BB83-F2383AC4FEE1}"
EndProject
Project("{FAE04EC0-301F-11D3-BF4B-00C04F79EFBC}") = "Persistence", "Persistence\Persistence.csproj", "{8AFE4423-282D-4BA5-8845-5247DB860526}"
EndProject
Project("{FAE04EC0-301F-11D3-BF4B-00C04F79EFBC}") = "Domain", "Domain\Domain.csproj", "{5C9CE2CF-030B-43F4-8616-875622CD818B}"
EndProject
Global
	GlobalSection(SolutionConfigurationPlatforms) = preSolution
		Debug|Any CPU = Debug|Any CPU
		Debug|x64 = Debug|x64
		Debug|x86 = Debug|x86
		Release|Any CPU = Release|Any CPU
		Release|x64 = Release|x64
		Release|x86 = Release|x86
	EndGlobalSection
	GlobalSection(SolutionProperties) = preSolution
		HideSolutionNode = FALSE
	EndGlobalSection
	GlobalSection(ProjectConfigurationPlatforms) = postSolution
		{68BDB594-7A3B-4B7C-8B29-18D37367C79D}.Debug|Any CPU.ActiveCfg = Debug|Any CPU
		{68BDB594-7A3B-4B7C-8B29-18D37367C79D}.Debug|Any CPU.Build.0 = Debug|Any CPU
		{68BDB594-7A3B-4B7C-8B29-18D37367C79D}.Debug|x64.ActiveCfg = Debug|Any CPU
		{68BDB594-7A3B-4B7C-8B29-18D37367C79D}.Debug|x64.Build.0 = Debug|Any CPU
		{68BDB594-7A3B-4B7C-8B29-18D37367C79D}.Debug|x86.ActiveCfg = Debug|Any CPU
		{68BDB594-7A3B-4B7C-8B29-18D37367C79D}.Debug|x86.Build.0 = Debug|Any CPU
		{68BDB594-7A3B-4B7C-8B29-18D37367C79D}.Release|Any CPU.ActiveCfg = Release|Any CPU
		{68BDB594-7A3B-4B7C-8B29-18D37367C79D}.Release|Any CPU.Build.0 = Release|Any CPU
		{68BDB594-7A3B-4B7C-8B29-18D37367C79D}.Release|x64.ActiveCfg = Release|Any CPU
		{68BDB594-7A3B-4B7C-8B29-18D37367C79D}.Release|x64.Build.0 = Release|Any CPU
		{68BDB594-7A3B-4B7C-8B29-18D37367C79D}.Release|x86.ActiveCfg = Release|Any CPU
		{68BDB594-7A3B-4B7C-8B29-18D37367C79D}.Release|x86.Build.0 = Release|Any CPU
		{A3BE7872-666A-4FF7-BB83-F2383AC4FEE1}.Debug|Any CPU.ActiveCfg = Debug|Any CPU
		{A3BE7872-666A-4FF7-BB83-F2383AC4FEE1}.Debug|Any CPU.Build.0 = Debug|Any CPU
		{A3BE7872-666A-4FF7-BB83-F2383AC4FEE1}.Debug|x64.ActiveCfg = Debug|Any CPU
		{A3BE7872-666A-4FF7-BB83-F2383AC4FEE1}.Debug|x64.Build.0 = Debug|Any CPU
		{A3BE7872-666A-4FF7-BB83-F2383AC4FEE1}.Debug|x86.ActiveCfg = Debug|Any CPU
		{A3BE7872-666A-4FF7-BB83-F2383AC4FEE1}.Debug|x86.Build.0 = Debug|Any CPU
		{A3BE7872-666A-4FF7-BB83-F2383AC4FEE1}.Release|Any CPU.ActiveCfg = Release|Any CPU
		{A3BE7872-666A-4FF7-BB83-F2383AC4FEE1}.Release|Any CPU.Build.0 = Release|Any CPU
		{A3BE7872-666A-4FF7-BB83-F2383AC4FEE1}.Release|x64.ActiveCfg = Release|Any CPU
		{A3BE7872-666A-4FF7-BB83-F2383AC4FEE1}.Release|x64.Build.0 = Release|Any CPU
		{A3BE7872-666A-4FF7-BB83-F2383AC4FEE1}.Release|x86.ActiveCfg = Release|Any CPU
		{A3BE7872-666A-4FF7-BB83-F2383AC4FEE1}.Release|x86.Build.0 = Release|Any CPU
		{8AFE4423-282D-4BA5-8845-5247DB860526}.Debug|Any CPU.ActiveCfg = Debug|Any CPU
		{8AFE4423-282D-4BA5-8845-5247DB860526}.Debug|Any CPU.Build.0 = Debug|Any CPU
		{8AFE4423-282D-4BA5-8845-5247DB860526}.Debug|x64.ActiveCfg = Debug|Any CPU
		{8AFE4423-282D-4BA5-8845-5247DB860526}.Debug|x64.Build.0 = Debug|Any CPU
		{8AFE4423-282D-4BA5-8845-5247DB860526}.Debug|x86.ActiveCfg = Debug|Any CPU
		{8AFE4423-282D-4BA5-8845-5247DB860526}.Debug|x86.Build.0 = Debug|Any CPU
		{8AFE4423-282D-4BA5-8845-5247DB860526}.Release|Any CPU.ActiveCfg = Release|Any CPU
		{8AFE4423-282D-4BA5-8845-5247DB860526}.Release|Any CPU.Build.0 = Release|Any CPU
		{8AFE4423-282D-4BA5-8845-5247DB860526}.Release|x64.ActiveCfg = Release|Any CPU
		{8AFE4423-282D-4BA5-8845-5247DB860526}.Release|x64.Build.0 = Release|Any CPU
		{8AFE4423-282D-4BA5-8845-5247DB860526}.Release|x86.ActiveCfg = Release|Any CPU
		{8AFE4423-282D-4BA5-8845-5247DB860526}.Release|x86.Build.0 = Release|Any CPU
		{5C9CE2CF-030B-43F4-8616-875622CD818B}.Debug|Any CPU.ActiveCfg = Debug|Any CPU
		{5C9CE2CF-030B-43F4-8616-875622CD818B}.Debug|Any CPU.Build.0 = Debug|Any CPU
		{5C9CE2CF-030B-43F4-8616-875622CD818B}.Debug|x64.ActiveCfg = Debug|Any CPU
		{5C9CE2CF-030B-43F4-8616-875622CD818B}.Debug|x64.Build.0 = Debug|Any CPU
		{5C9CE2CF-030B-43F4-8616-875622CD818B}.Debug|x86.ActiveCfg = Debug|Any CPU
		{5C9CE2CF-030B-43F4-8616-875622CD818B}.Debug|x86.Build.0 = Debug|Any CPU
		{5C9CE2CF-030B-43F4-8616-875622CD818B}.Release|Any CPU.ActiveCfg = Release|Any CPU
		{5C9CE2CF-030B-43F4-8616-875622CD818B}.Release|Any CPU.Build.0 = Release|Any CPU
		{5C9CE2CF-030B-43F4-8616-875622CD818B}.Release|x64.ActiveCfg = Release|Any CPU
		{5C9CE2CF-030B-43F4-8616-875622CD818B}.Release|x64.Build.0 = Release|Any CPU
		{5C9CE2CF-030B-43F4-8616-875622CD818B}.Release|x86.ActiveCfg = Release|Any CPU
		{5C9CE2CF-030B-43F4-8616-875622CD818B}.Release|x86.Build.0 = Release|Any CPU
	EndGlobalSection
EndGlobal
